
Microsoft Visual Studio Solution File, Format Version 12.00
# Visual Studio 15
VisualStudioVersion = 15.0.28307.136
MinimumVisualStudioVersion = 10.0.40219.1
Project("{9A19103F-16F7-4668-BE54-9A1E7A4F7556}") = "VirtualCashCard", "VirtualCashCard\VirtualCashCard.csproj", "{73D8B840-8981-49D7-9869-7E951C0E5278}"
EndProject
Project("{FAE04EC0-301F-11D3-BF4B-00C04F79EFBC}") = "VirtualCashCard.Tests", "VirtualCashCard.Tests\VirtualCashCard.Tests.csproj", "{7B4D2BA0-395A-4064-99DF-AD5A61A7E725}"
EndProject
Global
	GlobalSection(SolutionConfigurationPlatforms) = preSolution
		Debug|Any CPU = Debug|Any CPU
		Release|Any CPU = Release|Any CPU
	EndGlobalSection
	GlobalSection(ProjectConfigurationPlatforms) = postSolution
		{73D8B840-8981-49D7-9869-7E951C0E5278}.Debug|Any CPU.ActiveCfg = Debug|Any CPU
		{73D8B840-8981-49D7-9869-7E951C0E5278}.Debug|Any CPU.Build.0 = Debug|Any CPU
		{73D8B840-8981-49D7-9869-7E951C0E5278}.Release|Any CPU.ActiveCfg = Release|Any CPU
		{73D8B840-8981-49D7-9869-7E951C0E5278}.Release|Any CPU.Build.0 = Release|Any CPU
		{7B4D2BA0-395A-4064-99DF-AD5A61A7E725}.Debug|Any CPU.ActiveCfg = Debug|Any CPU
		{7B4D2BA0-395A-4064-99DF-AD5A61A7E725}.Debug|Any CPU.Build.0 = Debug|Any CPU
		{7B4D2BA0-395A-4064-99DF-AD5A61A7E725}.Release|Any CPU.ActiveCfg = Release|Any CPU
		{7B4D2BA0-395A-4064-99DF-AD5A61A7E725}.Release|Any CPU.Build.0 = Release|Any CPU
	EndGlobalSection
	GlobalSection(SolutionProperties) = preSolution
		HideSolutionNode = FALSE
	EndGlobalSection
	GlobalSection(ExtensibilityGlobals) = postSolution
		SolutionGuid = {49CA63D0-E1E1-4910-A68F-114F2A669E5B}
	EndGlobalSection
EndGlobal
